// !$*UTF8*$!
{
	archiveVersion = 1;
	classes = {
	};
	objectVersion = 48;
	objects = {

/* Begin PBXBuildFile section */
		8D47DA2C21D9E1FB00F4CB61 /* AppDelegate.swift in Sources */ = {isa = PBXBuildFile; fileRef = 8D47DA2B21D9E1FB00F4CB61 /* AppDelegate.swift */; };
		8D47DA2E21D9E1FB00F4CB61 /* ViewController.swift in Sources */ = {isa = PBXBuildFile; fileRef = 8D47DA2D21D9E1FB00F4CB61 /* ViewController.swift */; };
		8D47DA3121D9E1FB00F4CB61 /* Main.storyboard in Resources */ = {isa = PBXBuildFile; fileRef = 8D47DA2F21D9E1FB00F4CB61 /* Main.storyboard */; };
		8D47DA3321D9E1FB00F4CB61 /* Assets.xcassets in Resources */ = {isa = PBXBuildFile; fileRef = 8D47DA3221D9E1FB00F4CB61 /* Assets.xcassets */; };
		8D47DA3621D9E1FB00F4CB61 /* LaunchScreen.storyboard in Resources */ = {isa = PBXBuildFile; fileRef = 8D47DA3421D9E1FB00F4CB61 /* LaunchScreen.storyboard */; };
		8D47DA4121D9E1FC00F4CB61 /* GTSlammerTests.swift in Sources */ = {isa = PBXBuildFile; fileRef = 8D47DA4021D9E1FC00F4CB61 /* GTSlammerTests.swift */; };
		8D47DA4C21D9E1FC00F4CB61 /* GTSlammerUITests.swift in Sources */ = {isa = PBXBuildFile; fileRef = 8D47DA4B21D9E1FC00F4CB61 /* GTSlammerUITests.swift */; };
/* End PBXBuildFile section */

/* Begin PBXContainerItemProxy section */
		8D47DA3D21D9E1FC00F4CB61 /* PBXContainerItemProxy */ = {
			isa = PBXContainerItemProxy;
			containerPortal = 8D47DA2021D9E1FB00F4CB61 /* Project object */;
			proxyType = 1;
			remoteGlobalIDString = 8D47DA2721D9E1FB00F4CB61;
			remoteInfo = GTSlammer;
		};
		8D47DA4821D9E1FC00F4CB61 /* PBXContainerItemProxy */ = {
			isa = PBXContainerItemProxy;
			containerPortal = 8D47DA2021D9E1FB00F4CB61 /* Project object */;
			proxyType = 1;
			remoteGlobalIDString = 8D47DA2721D9E1FB00F4CB61;
			remoteInfo = GTSlammer;
		};
/* End PBXContainerItemProxy section */

/* Begin PBXFileReference section */
		8D47DA2821D9E1FB00F4CB61 /* GTSlammer.app */ = {isa = PBXFileReference; explicitFileType = wrapper.application; includeInIndex = 0; path = GTSlammer.app; sourceTree = BUILT_PRODUCTS_DIR; };
		8D47DA2B21D9E1FB00F4CB61 /* AppDelegate.swift */ = {isa = PBXFileReference; lastKnownFileType = sourcecode.swift; path = AppDelegate.swift; sourceTree = "<group>"; };
		8D47DA2D21D9E1FB00F4CB61 /* ViewController.swift */ = {isa = PBXFileReference; lastKnownFileType = sourcecode.swift; path = ViewController.swift; sourceTree = "<group>"; };
		8D47DA3021D9E1FB00F4CB61 /* Base */ = {isa = PBXFileReference; lastKnownFileType = file.storyboard; name = Base; path = Base.lproj/Main.storyboard; sourceTree = "<group>"; };
		8D47DA3221D9E1FB00F4CB61 /* Assets.xcassets */ = {isa = PBXFileReference; lastKnownFileType = folder.assetcatalog; path = Assets.xcassets; sourceTree = "<group>"; };
		8D47DA3521D9E1FB00F4CB61 /* Base */ = {isa = PBXFileReference; lastKnownFileType = file.storyboard; name = Base; path = Base.lproj/LaunchScreen.storyboard; sourceTree = "<group>"; };
		8D47DA3721D9E1FB00F4CB61 /* Info.plist */ = {isa = PBXFileReference; lastKnownFileType = text.plist.xml; path = Info.plist; sourceTree = "<group>"; };
		8D47DA3C21D9E1FC00F4CB61 /* GTSlammerTests.xctest */ = {isa = PBXFileReference; explicitFileType = wrapper.cfbundle; includeInIndex = 0; path = GTSlammerTests.xctest; sourceTree = BUILT_PRODUCTS_DIR; };
		8D47DA4021D9E1FC00F4CB61 /* GTSlammerTests.swift */ = {isa = PBXFileReference; lastKnownFileType = sourcecode.swift; path = GTSlammerTests.swift; sourceTree = "<group>"; };
		8D47DA4221D9E1FC00F4CB61 /* Info.plist */ = {isa = PBXFileReference; lastKnownFileType = text.plist.xml; path = Info.plist; sourceTree = "<group>"; };
		8D47DA4721D9E1FC00F4CB61 /* GTSlammerUITests.xctest */ = {isa = PBXFileReference; explicitFileType = wrapper.cfbundle; includeInIndex = 0; path = GTSlammerUITests.xctest; sourceTree = BUILT_PRODUCTS_DIR; };
		8D47DA4B21D9E1FC00F4CB61 /* GTSlammerUITests.swift */ = {isa = PBXFileReference; lastKnownFileType = sourcecode.swift; path = GTSlammerUITests.swift; sourceTree = "<group>"; };
		8D47DA4D21D9E1FC00F4CB61 /* Info.plist */ = {isa = PBXFileReference; lastKnownFileType = text.plist.xml; path = Info.plist; sourceTree = "<group>"; };
/* End PBXFileReference section */

/* Begin PBXFrameworksBuildPhase section */
		8D47DA2521D9E1FB00F4CB61 /* Frameworks */ = {
			isa = PBXFrameworksBuildPhase;
			buildActionMask = 2147483647;
			files = (
			);
			runOnlyForDeploymentPostprocessing = 0;
		};
		8D47DA3921D9E1FC00F4CB61 /* Frameworks */ = {
			isa = PBXFrameworksBuildPhase;
			buildActionMask = 2147483647;
			files = (
			);
			runOnlyForDeploymentPostprocessing = 0;
		};
		8D47DA4421D9E1FC00F4CB61 /* Frameworks */ = {
			isa = PBXFrameworksBuildPhase;
			buildActionMask = 2147483647;
			files = (
			);
			runOnlyForDeploymentPostprocessing = 0;
		};
/* End PBXFrameworksBuildPhase section */

/* Begin PBXGroup section */
		8D47DA1F21D9E1FB00F4CB61 = {
			isa = PBXGroup;
			children = (
				8D47DA2A21D9E1FB00F4CB61 /* GTSlammer */,
				8D47DA3F21D9E1FC00F4CB61 /* GTSlammerTests */,
				8D47DA4A21D9E1FC00F4CB61 /* GTSlammerUITests */,
				8D47DA2921D9E1FB00F4CB61 /* Products */,
			);
			sourceTree = "<group>";
		};
		8D47DA2921D9E1FB00F4CB61 /* Products */ = {
			isa = PBXGroup;
			children = (
				8D47DA2821D9E1FB00F4CB61 /* GTSlammer.app */,
				8D47DA3C21D9E1FC00F4CB61 /* GTSlammerTests.xctest */,
				8D47DA4721D9E1FC00F4CB61 /* GTSlammerUITests.xctest */,
			);
			name = Products;
			sourceTree = "<group>";
		};
		8D47DA2A21D9E1FB00F4CB61 /* GTSlammer */ = {
			isa = PBXGroup;
			children = (
				8D47DA2B21D9E1FB00F4CB61 /* AppDelegate.swift */,
				8D47DA2D21D9E1FB00F4CB61 /* ViewController.swift */,
				8D47DA2F21D9E1FB00F4CB61 /* Main.storyboard */,
				8D47DA3221D9E1FB00F4CB61 /* Assets.xcassets */,
				8D47DA3421D9E1FB00F4CB61 /* LaunchScreen.storyboard */,
				8D47DA3721D9E1FB00F4CB61 /* Info.plist */,
			);
			path = GTSlammer;
			sourceTree = "<group>";
		};
		8D47DA3F21D9E1FC00F4CB61 /* GTSlammerTests */ = {
			isa = PBXGroup;
			children = (
				8D47DA4021D9E1FC00F4CB61 /* GTSlammerTests.swift */,
				8D47DA4221D9E1FC00F4CB61 /* Info.plist */,
			);
			path = GTSlammerTests;
			sourceTree = "<group>";
		};
		8D47DA4A21D9E1FC00F4CB61 /* GTSlammerUITests */ = {
			isa = PBXGroup;
			children = (
				8D47DA4B21D9E1FC00F4CB61 /* GTSlammerUITests.swift */,
				8D47DA4D21D9E1FC00F4CB61 /* Info.plist */,
			);
			path = GTSlammerUITests;
			sourceTree = "<group>";
		};
/* End PBXGroup section */

/* Begin PBXNativeTarget section */
		8D47DA2721D9E1FB00F4CB61 /* GTSlammer */ = {
			isa = PBXNativeTarget;
			buildConfigurationList = 8D47DA5021D9E1FC00F4CB61 /* Build configuration list for PBXNativeTarget "GTSlammer" */;
			buildPhases = (
				8D47DA2421D9E1FB00F4CB61 /* Sources */,
				8D47DA2521D9E1FB00F4CB61 /* Frameworks */,
				8D47DA2621D9E1FB00F4CB61 /* Resources */,
			);
			buildRules = (
			);
			dependencies = (
			);
			name = GTSlammer;
			productName = GTSlammer;
			productReference = 8D47DA2821D9E1FB00F4CB61 /* GTSlammer.app */;
			productType = "com.apple.product-type.application";
		};
		8D47DA3B21D9E1FC00F4CB61 /* GTSlammerTests */ = {
			isa = PBXNativeTarget;
			buildConfigurationList = 8D47DA5321D9E1FC00F4CB61 /* Build configuration list for PBXNativeTarget "GTSlammerTests" */;
			buildPhases = (
				8D47DA3821D9E1FC00F4CB61 /* Sources */,
				8D47DA3921D9E1FC00F4CB61 /* Frameworks */,
				8D47DA3A21D9E1FC00F4CB61 /* Resources */,
			);
			buildRules = (
			);
			dependencies = (
				8D47DA3E21D9E1FC00F4CB61 /* PBXTargetDependency */,
			);
			name = GTSlammerTests;
			productName = GTSlammerTests;
			productReference = 8D47DA3C21D9E1FC00F4CB61 /* GTSlammerTests.xctest */;
			productType = "com.apple.product-type.bundle.unit-test";
		};
		8D47DA4621D9E1FC00F4CB61 /* GTSlammerUITests */ = {
			isa = PBXNativeTarget;
			buildConfigurationList = 8D47DA5621D9E1FC00F4CB61 /* Build configuration list for PBXNativeTarget "GTSlammerUITests" */;
			buildPhases = (
				8D47DA4321D9E1FC00F4CB61 /* Sources */,
				8D47DA4421D9E1FC00F4CB61 /* Frameworks */,
				8D47DA4521D9E1FC00F4CB61 /* Resources */,
			);
			buildRules = (
			);
			dependencies = (
				8D47DA4921D9E1FC00F4CB61 /* PBXTargetDependency */,
			);
			name = GTSlammerUITests;
			productName = GTSlammerUITests;
			productReference = 8D47DA4721D9E1FC00F4CB61 /* GTSlammerUITests.xctest */;
			productType = "com.apple.product-type.bundle.ui-testing";
		};
/* End PBXNativeTarget section */

/* Begin PBXProject section */
		8D47DA2021D9E1FB00F4CB61 /* Project object */ = {
			isa = PBXProject;
			attributes = {
				LastSwiftUpdateCheck = 0910;
				LastUpgradeCheck = 0910;
				ORGANIZATIONNAME = "Max Heinzelman";
				TargetAttributes = {
					8D47DA2721D9E1FB00F4CB61 = {
						CreatedOnToolsVersion = 9.1;
						ProvisioningStyle = Automatic;
					};
					8D47DA3B21D9E1FC00F4CB61 = {
						CreatedOnToolsVersion = 9.1;
						ProvisioningStyle = Automatic;
						TestTargetID = 8D47DA2721D9E1FB00F4CB61;
					};
					8D47DA4621D9E1FC00F4CB61 = {
						CreatedOnToolsVersion = 9.1;
						ProvisioningStyle = Automatic;
						TestTargetID = 8D47DA2721D9E1FB00F4CB61;
					};
				};
			};
			buildConfigurationList = 8D47DA2321D9E1FB00F4CB61 /* Build configuration list for PBXProject "GTSlammer" */;
			compatibilityVersion = "Xcode 8.0";
			developmentRegion = en;
			hasScannedForEncodings = 0;
			knownRegions = (
				en,
				Base,
			);
			mainGroup = 8D47DA1F21D9E1FB00F4CB61;
			productRefGroup = 8D47DA2921D9E1FB00F4CB61 /* Products */;
			projectDirPath = "";
			projectRoot = "";
			targets = (
				8D47DA2721D9E1FB00F4CB61 /* GTSlammer */,
				8D47DA3B21D9E1FC00F4CB61 /* GTSlammerTests */,
				8D47DA4621D9E1FC00F4CB61 /* GTSlammerUITests */,
			);
		};
/* End PBXProject section */

/* Begin PBXResourcesBuildPhase section */
		8D47DA2621D9E1FB00F4CB61 /* Resources */ = {
			isa = PBXResourcesBuildPhase;
			buildActionMask = 2147483647;
			files = (
				8D47DA3621D9E1FB00F4CB61 /* LaunchScreen.storyboard in Resources */,
				8D47DA3321D9E1FB00F4CB61 /* Assets.xcassets in Resources */,
				8D47DA3121D9E1FB00F4CB61 /* Main.storyboard in Resources */,
			);
			runOnlyForDeploymentPostprocessing = 0;
		};
		8D47DA3A21D9E1FC00F4CB61 /* Resources */ = {
			isa = PBXResourcesBuildPhase;
			buildActionMask = 2147483647;
			files = (
			);
			runOnlyForDeploymentPostprocessing = 0;
		};
		8D47DA4521D9E1FC00F4CB61 /* Resources */ = {
			isa = PBXResourcesBuildPhase;
			buildActionMask = 2147483647;
			files = (
			);
			runOnlyForDeploymentPostprocessing = 0;
		};
/* End PBXResourcesBuildPhase section */

/* Begin PBXSourcesBuildPhase section */
		8D47DA2421D9E1FB00F4CB61 /* Sources */ = {
			isa = PBXSourcesBuildPhase;
			buildActionMask = 2147483647;
			files = (
				8D47DA2E21D9E1FB00F4CB61 /* ViewController.swift in Sources */,
				8D47DA2C21D9E1FB00F4CB61 /* AppDelegate.swift in Sources */,
			);
			runOnlyForDeploymentPostprocessing = 0;
		};
		8D47DA3821D9E1FC00F4CB61 /* Sources */ = {
			isa = PBXSourcesBuildPhase;
			buildActionMask = 2147483647;
			files = (
				8D47DA4121D9E1FC00F4CB61 /* GTSlammerTests.swift in Sources */,
			);
			runOnlyForDeploymentPostprocessing = 0;
		};
		8D47DA4321D9E1FC00F4CB61 /* Sources */ = {
			isa = PBXSourcesBuildPhase;
			buildActionMask = 2147483647;
			files = (
				8D47DA4C21D9E1FC00F4CB61 /* GTSlammerUITests.swift in Sources */,
			);
			runOnlyForDeploymentPostprocessing = 0;
		};
/* End PBXSourcesBuildPhase section */

/* Begin PBXTargetDependency section */
		8D47DA3E21D9E1FC00F4CB61 /* PBXTargetDependency */ = {
			isa = PBXTargetDependency;
			target = 8D47DA2721D9E1FB00F4CB61 /* GTSlammer */;
			targetProxy = 8D47DA3D21D9E1FC00F4CB61 /* PBXContainerItemProxy */;
		};
		8D47DA4921D9E1FC00F4CB61 /* PBXTargetDependency */ = {
			isa = PBXTargetDependency;
			target = 8D47DA2721D9E1FB00F4CB61 /* GTSlammer */;
			targetProxy = 8D47DA4821D9E1FC00F4CB61 /* PBXContainerItemProxy */;
		};
/* End PBXTargetDependency section */

/* Begin PBXVariantGroup section */
		8D47DA2F21D9E1FB00F4CB61 /* Main.storyboard */ = {
			isa = PBXVariantGroup;
			children = (
				8D47DA3021D9E1FB00F4CB61 /* Base */,
			);
			name = Main.storyboard;
			sourceTree = "<group>";
		};
		8D47DA3421D9E1FB00F4CB61 /* LaunchScreen.storyboard */ = {
			isa = PBXVariantGroup;
			children = (
				8D47DA3521D9E1FB00F4CB61 /* Base */,
			);
			name = LaunchScreen.storyboard;
			sourceTree = "<group>";
		};
/* End PBXVariantGroup section */

/* Begin XCBuildConfiguration section */
		8D47DA4E21D9E1FC00F4CB61 /* Debug */ = {
			isa = XCBuildConfiguration;
			buildSettings = {
				ALWAYS_SEARCH_USER_PATHS = NO;
				CLANG_ANALYZER_NONNULL = YES;
				CLANG_ANALYZER_NUMBER_OBJECT_CONVERSION = YES_AGGRESSIVE;
				CLANG_CXX_LANGUAGE_STANDARD = "gnu++14";
				CLANG_CXX_LIBRARY = "libc++";
				CLANG_ENABLE_MODULES = YES;
				CLANG_ENABLE_OBJC_ARC = YES;
				CLANG_WARN_BLOCK_CAPTURE_AUTORELEASING = YES;
				CLANG_WARN_BOOL_CONVERSION = YES;
				CLANG_WARN_COMMA = YES;
				CLANG_WARN_CONSTANT_CONVERSION = YES;
				CLANG_WARN_DIRECT_OBJC_ISA_USAGE = YES_ERROR;
				CLANG_WARN_DOCUMENTATION_COMMENTS = YES;
				CLANG_WARN_EMPTY_BODY = YES;
				CLANG_WARN_ENUM_CONVERSION = YES;
				CLANG_WARN_INFINITE_RECURSION = YES;
				CLANG_WARN_INT_CONVERSION = YES;
				CLANG_WARN_NON_LITERAL_NULL_CONVERSION = YES;
				CLANG_WARN_OBJC_LITERAL_CONVERSION = YES;
				CLANG_WARN_OBJC_ROOT_CLASS = YES_ERROR;
				CLANG_WARN_RANGE_LOOP_ANALYSIS = YES;
				CLANG_WARN_STRICT_PROTOTYPES = YES;
				CLANG_WARN_SUSPICIOUS_MOVE = YES;
				CLANG_WARN_UNGUARDED_AVAILABILITY = YES_AGGRESSIVE;
				CLANG_WARN_UNREACHABLE_CODE = YES;
				CLANG_WARN__DUPLICATE_METHOD_MATCH = YES;
				CODE_SIGN_IDENTITY = "iPhone Developer";
				COPY_PHASE_STRIP = NO;
				DEBUG_INFORMATION_FORMAT = dwarf;
				ENABLE_STRICT_OBJC_MSGSEND = YES;
				ENABLE_TESTABILITY = YES;
				GCC_C_LANGUAGE_STANDARD = gnu11;
				GCC_DYNAMIC_NO_PIC = NO;
				GCC_NO_COMMON_BLOCKS = YES;
				GCC_OPTIMIZATION_LEVEL = 0;
				GCC_PREPROCESSOR_DEFINITIONS = (
					"DEBUG=1",
					"$(inherited)",
				);
				GCC_WARN_64_TO_32_BIT_CONVERSION = YES;
				GCC_WARN_ABOUT_RETURN_TYPE = YES_ERROR;
				GCC_WARN_UNDECLARED_SELECTOR = YES;
				GCC_WARN_UNINITIALIZED_AUTOS = YES_AGGRESSIVE;
				GCC_WARN_UNUSED_FUNCTION = YES;
				GCC_WARN_UNUSED_VARIABLE = YES;
				IPHONEOS_DEPLOYMENT_TARGET = 11.1;
				MTL_ENABLE_DEBUG_INFO = YES;
				ONLY_ACTIVE_ARCH = YES;
				SDKROOT = iphoneos;
				SWIFT_ACTIVE_COMPILATION_CONDITIONS = DEBUG;
				SWIFT_OPTIMIZATION_LEVEL = "-Onone";
			};
			name = Debug;
		};
		8D47DA4F21D9E1FC00F4CB61 /* Release */ = {
			isa = XCBuildConfiguration;
			buildSettings = {
				ALWAYS_SEARCH_USER_PATHS = NO;
				CLANG_ANALYZER_NONNULL = YES;
				CLANG_ANALYZER_NUMBER_OBJECT_CONVERSION = YES_AGGRESSIVE;
				CLANG_CXX_LANGUAGE_STANDARD = "gnu++14";
				CLANG_CXX_LIBRARY = "libc++";
				CLANG_ENABLE_MODULES = YES;
				CLANG_ENABLE_OBJC_ARC = YES;
				CLANG_WARN_BLOCK_CAPTURE_AUTORELEASING = YES;
				CLANG_WARN_BOOL_CONVERSION = YES;
				CLANG_WARN_COMMA = YES;
				CLANG_WARN_CONSTANT_CONVERSION = YES;
				CLANG_WARN_DIRECT_OBJC_ISA_USAGE = YES_ERROR;
				CLANG_WARN_DOCUMENTATION_COMMENTS = YES;
				CLANG_WARN_EMPTY_BODY = YES;
				CLANG_WARN_ENUM_CONVERSION = YES;
				CLANG_WARN_INFINITE_RECURSION = YES;
				CLANG_WARN_INT_CONVERSION = YES;
				CLANG_WARN_NON_LITERAL_NULL_CONVERSION = YES;
				CLANG_WARN_OBJC_LITERAL_CONVERSION = YES;
				CLANG_WARN_OBJC_ROOT_CLASS = YES_ERROR;
				CLANG_WARN_RANGE_LOOP_ANALYSIS = YES;
				CLANG_WARN_STRICT_PROTOTYPES = YES;
				CLANG_WARN_SUSPICIOUS_MOVE = YES;
				CLANG_WARN_UNGUARDED_AVAILABILITY = YES_AGGRESSIVE;
				CLANG_WARN_UNREACHABLE_CODE = YES;
				CLANG_WARN__DUPLICATE_METHOD_MATCH = YES;
				CODE_SIGN_IDENTITY = "iPhone Developer";
				COPY_PHASE_STRIP = NO;
				DEBUG_INFORMATION_FORMAT = "dwarf-with-dsym";
				ENABLE_NS_ASSERTIONS = NO;
				ENABLE_STRICT_OBJC_MSGSEND = YES;
				GCC_C_LANGUAGE_STANDARD = gnu11;
				GCC_NO_COMMON_BLOCKS = YES;
				GCC_WARN_64_TO_32_BIT_CONVERSION = YES;
				GCC_WARN_ABOUT_RETURN_TYPE = YES_ERROR;
				GCC_WARN_UNDECLARED_SELECTOR = YES;
				GCC_WARN_UNINITIALIZED_AUTOS = YES_AGGRESSIVE;
				GCC_WARN_UNUSED_FUNCTION = YES;
				GCC_WARN_UNUSED_VARIABLE = YES;
				IPHONEOS_DEPLOYMENT_TARGET = 11.1;
				MTL_ENABLE_DEBUG_INFO = NO;
				SDKROOT = iphoneos;
				SWIFT_OPTIMIZATION_LEVEL = "-Owholemodule";
				VALIDATE_PRODUCT = YES;
			};
			name = Release;
		};
		8D47DA5121D9E1FC00F4CB61 /* Debug */ = {
			isa = XCBuildConfiguration;
			buildSettings = {
				ASSETCATALOG_COMPILER_APPICON_NAME = AppIcon;
				CODE_SIGN_STYLE = Automatic;
				INFOPLIST_FILE = GTSlammer/Info.plist;
				LD_RUNPATH_SEARCH_PATHS = "$(inherited) @executable_path/Frameworks";
				PRODUCT_BUNDLE_IDENTIFIER = max.GTSlammer;
				PRODUCT_NAME = "$(TARGET_NAME)";
				SWIFT_VERSION = 4.0;
				TARGETED_DEVICE_FAMILY = "1,2";
			};
			name = Debug;
		};
		8D47DA5221D9E1FC00F4CB61 /* Release */ = {
			isa = XCBuildConfiguration;
			buildSettings = {
				ASSETCATALOG_COMPILER_APPICON_NAME = AppIcon;
				CODE_SIGN_STYLE = Automatic;
				INFOPLIST_FILE = GTSlammer/Info.plist;
				LD_RUNPATH_SEARCH_PATHS = "$(inherited) @executable_path/Frameworks";
				PRODUCT_BUNDLE_IDENTIFIER = max.GTSlammer;
				PRODUCT_NAME = "$(TARGET_NAME)";
				SWIFT_VERSION = 4.0;
				TARGETED_DEVICE_FAMILY = "1,2";
			};
			name = Release;
		};
		8D47DA5421D9E1FC00F4CB61 /* Debug */ = {
			isa = XCBuildConfiguration;
			buildSettings = {
				ALWAYS_EMBED_SWIFT_STANDARD_LIBRARIES = YES;
				BUNDLE_LOADER = "$(TEST_HOST)";
				CODE_SIGN_STYLE = Automatic;
				INFOPLIST_FILE = GTSlammerTests/Info.plist;
				LD_RUNPATH_SEARCH_PATHS = "$(inherited) @executable_path/Frameworks @loader_path/Frameworks";
				PRODUCT_BUNDLE_IDENTIFIER = max.GTSlammerTests;
				PRODUCT_NAME = "$(TARGET_NAME)";
				SWIFT_VERSION = 4.0;
				TARGETED_DEVICE_FAMILY = "1,2";
				TEST_HOST = "$(BUILT_PRODUCTS_DIR)/GTSlammer.app/GTSlammer";
			};
			name = Debug;
		};
		8D47DA5521D9E1FC00F4CB61 /* Release */ = {
			isa = XCBuildConfiguration;
			buildSettings = {
				ALWAYS_EMBED_SWIFT_STANDARD_LIBRARIES = YES;
				BUNDLE_LOADER = "$(TEST_HOST)";
				CODE_SIGN_STYLE = Automatic;
				INFOPLIST_FILE = GTSlammerTests/Info.plist;
				LD_RUNPATH_SEARCH_PATHS = "$(inherited) @executable_path/Frameworks @loader_path/Frameworks";
				PRODUCT_BUNDLE_IDENTIFIER = max.GTSlammerTests;
				PRODUCT_NAME = "$(TARGET_NAME)";
				SWIFT_VERSION = 4.0;
				TARGETED_DEVICE_FAMILY = "1,2";
				TEST_HOST = "$(BUILT_PRODUCTS_DIR)/GTSlammer.app/GTSlammer";
			};
			name = Release;
		};
		8D47DA5721D9E1FC00F4CB61 /* Debug */ = {
			isa = XCBuildConfiguration;
			buildSettings = {
				ALWAYS_EMBED_SWIFT_STANDARD_LIBRARIES = YES;
				CODE_SIGN_STYLE = Automatic;
				INFOPLIST_FILE = GTSlammerUITests/Info.plist;
				LD_RUNPATH_SEARCH_PATHS = "$(inherited) @executable_path/Frameworks @loader_path/Frameworks";
				PRODUCT_BUNDLE_IDENTIFIER = max.GTSlammerUITests;
				PRODUCT_NAME = "$(TARGET_NAME)";
				SWIFT_VERSION = 4.0;
				TARGETED_DEVICE_FAMILY = "1,2";
				TEST_TARGET_NAME = GTSlammer;
			};
			name = Debug;
		};
		8D47DA5821D9E1FC00F4CB61 /* Release */ = {
			isa = XCBuildConfiguration;
			buildSettings = {
				ALWAYS_EMBED_SWIFT_STANDARD_LIBRARIES = YES;
				CODE_SIGN_STYLE = Automatic;
				INFOPLIST_FILE = GTSlammerUITests/Info.plist;
				LD_RUNPATH_SEARCH_PATHS = "$(inherited) @executable_path/Frameworks @loader_path/Frameworks";
				PRODUCT_BUNDLE_IDENTIFIER = max.GTSlammerUITests;
				PRODUCT_NAME = "$(TARGET_NAME)";
				SWIFT_VERSION = 4.0;
				TARGETED_DEVICE_FAMILY = "1,2";
				TEST_TARGET_NAME = GTSlammer;
			};
			name = Release;
		};
/* End XCBuildConfiguration section */

/* Begin XCConfigurationList section */
		8D47DA2321D9E1FB00F4CB61 /* Build configuration list for PBXProject "GTSlammer" */ = {
			isa = XCConfigurationList;
			buildConfigurations = (
				8D47DA4E21D9E1FC00F4CB61 /* Debug */,
				8D47DA4F21D9E1FC00F4CB61 /* Release */,
			);
			defaultConfigurationIsVisible = 0;
			defaultConfigurationName = Release;
		};
		8D47DA5021D9E1FC00F4CB61 /* Build configuration list for PBXNativeTarget "GTSlammer" */ = {
			isa = XCConfigurationList;
			buildConfigurations = (
				8D47DA5121D9E1FC00F4CB61 /* Debug */,
				8D47DA5221D9E1FC00F4CB61 /* Release */,
			);
			defaultConfigurationIsVisible = 0;
			defaultConfigurationName = Release;
		};
		8D47DA5321D9E1FC00F4CB61 /* Build configuration list for PBXNativeTarget "GTSlammerTests" */ = {
			isa = XCConfigurationList;
			buildConfigurations = (
				8D47DA5421D9E1FC00F4CB61 /* Debug */,
				8D47DA5521D9E1FC00F4CB61 /* Release */,
			);
			defaultConfigurationIsVisible = 0;
			defaultConfigurationName = Release;
		};
		8D47DA5621D9E1FC00F4CB61 /* Build configuration list for PBXNativeTarget "GTSlammerUITests" */ = {
			isa = XCConfigurationList;
			buildConfigurations = (
				8D47DA5721D9E1FC00F4CB61 /* Debug */,
				8D47DA5821D9E1FC00F4CB61 /* Release */,
			);
			defaultConfigurationIsVisible = 0;
			defaultConfigurationName = Release;
		};
/* End XCConfigurationList section */
	};
	rootObject = 8D47DA2021D9E1FB00F4CB61 /* Project object */;
}
